Microsoft Visual Studio Solution File, Format Version 9.00
# Visual Studio 2005
Project("{FAE04EC0-301F-11D3-BF4B-00C04F79EFBC}") = "BindChartToXPO", "BindChartToXPO\BindChartToXPO.csproj", "{FA9E0430-39B7-4C9B-9E30-A8CE9C825526}"
EndProject
Global
	GlobalSection(SolutionConfigurationPlatforms) = preSolution
		Debug|Any CPU = Debug|Any CPU
		Release|Any CPU = Release|Any CPU
	EndGlobalSection
	GlobalSection(ProjectConfigurationPlatforms) = postSolution
		{FA9E0430-39B7-4C9B-9E30-A8CE9C825526}.Debug|Any CPU.ActiveCfg = Debug|Any CPU
		{FA9E0430-39B7-4C9B-9E30-A8CE9C825526}.Debug|Any CPU.Build.0 = Debug|Any CPU
		{FA9E0430-39B7-4C9B-9E30-A8CE9C825526}.Release|Any CPU.ActiveCfg = Release|Any CPU
		{FA9E0430-39B7-4C9B-9E30-A8CE9C825526}.Release|Any CPU.Build.0 = Release|Any CPU
	EndGlobalSection
	GlobalSection(SolutionProperties) = preSolution
		HideSolutionNode = FALSE
	EndGlobalSection
EndGlobal
